
Microsoft Visual Studio Solution File, Format Version 12.00
# Visual Studio 15
VisualStudioVersion = 15.0.28307.1340
MinimumVisualStudioVersion = 10.0.40219.1
Project("{FAE04EC0-301F-11D3-BF4B-00C04F79EFBC}") = "SalesWebMvc", "SalesWebMvc\SalesWebMvc.csproj", "{3CDEE0D7-4B05-463F-9152-523F76241D56}"
EndProject
Global
	GlobalSection(SolutionConfigurationPlatforms) = preSolution
		Debug|Any CPU = Debug|Any CPU
		Release|Any CPU = Release|Any CPU
	EndGlobalSection
	GlobalSection(ProjectConfigurationPlatforms) = postSolution
		{3CDEE0D7-4B05-463F-9152-523F76241D56}.Debug|Any CPU.ActiveCfg = Debug|Any CPU
		{3CDEE0D7-4B05-463F-9152-523F76241D56}.Debug|Any CPU.Build.0 = Debug|Any CPU
		{3CDEE0D7-4B05-463F-9152-523F76241D56}.Release|Any CPU.ActiveCfg = Release|Any CPU
		{3CDEE0D7-4B05-463F-9152-523F76241D56}.Release|Any CPU.Build.0 = Release|Any CPU
	EndGlobalSection
	GlobalSection(SolutionProperties) = preSolution
		HideSolutionNode = FALSE
	EndGlobalSection
	GlobalSection(ExtensibilityGlobals) = postSolution
		SolutionGuid = {B0582B31-81CB-4A7A-9065-5C8A2625A0DC}
	EndGlobalSection
EndGlobal
